{
  "name": "site portfolio",
  "lockfileVersion": 2,
  "requires": true,
  "packages": {
    "": {
      "dependencies": {
        "bulma": "^0.9.4",
        "minireset.css": "^0.0.7",
        "tinyreset": "^1.0.1"
      }
    },
    "node_modules/bulma": {
      "version": "0.9.4",
      "resolved": "https://registry.npmjs.org/bulma/-/bulma-0.9.4.tgz",
      "integrity": "sha512-86FlT5+1GrsgKbPLRRY7cGDg8fsJiP/jzTqXXVqiUZZ2aZT8uemEOHlU1CDU+TxklPEZ11HZNNWclRBBecP4CQ=="
    },
    "node_modules/minireset.css": {
      "version": "0.0.7",
      "resolved": "https://registry.npmjs.org/minireset.css/-/minireset.css-0.0.7.tgz",
      "integrity": "sha512-raWKK2aHP/MI4Yu72dU6hade1YFuoyDQtSUi/FiIZfeRHjgL81uN/nFvG2aoAr+mseRc3jpg47jQqx1/+6w+kQ=="
    },
    "node_modules/tinyreset": {
      "version": "1.0.1",
      "resolved": "https://registry.npmjs.org/tinyreset/-/tinyreset-1.0.1.tgz",
      "integrity": "sha512-ZfgDzk013XsVSJw1UFU3fxfjcD310apYdvytkGC+4EcHYqH84NH1dxgVhKD1HlnOn1N4dA6lrz2Y3fRCtSPg7Q=="
    }
  },
  "dependencies": {
    "bulma": {
      "version": "0.9.4",
      "resolved": "https://registry.npmjs.org/bulma/-/bulma-0.9.4.tgz",
      "integrity": "sha512-86FlT5+1GrsgKbPLRRY7cGDg8fsJiP/jzTqXXVqiUZZ2aZT8uemEOHlU1CDU+TxklPEZ11HZNNWclRBBecP4CQ=="
    },
    "minireset.css": {
      "version": "0.0.7",
      "resolved": "https://registry.npmjs.org/minireset.css/-/minireset.css-0.0.7.tgz",
      "integrity": "sha512-raWKK2aHP/MI4Yu72dU6hade1YFuoyDQtSUi/FiIZfeRHjgL81uN/nFvG2aoAr+mseRc3jpg47jQqx1/+6w+kQ=="
    },
    "tinyreset": {
      "version": "1.0.1",
      "resolved": "https://registry.npmjs.org/tinyreset/-/tinyreset-1.0.1.tgz",
      "integrity": "sha512-ZfgDzk013XsVSJw1UFU3fxfjcD310apYdvytkGC+4EcHYqH84NH1dxgVhKD1HlnOn1N4dA6lrz2Y3fRCtSPg7Q=="
    }
  }
}
